PODS:
  - Alamofire (5.9.0)
  - Kingfisher (7.11.0)

DEPENDENCIES:
  - Alamofire
  - Kingfisher

SPEC REPOS:
  trunk:
    - Alamofire
    - Kingfisher

SPEC CHECKSUMS:
  Alamofire: 02b772c9910e8eba1a079227c32fbd9e46c90a24
  Kingfisher: b9c985d864d43515f404f1ef4a8ce7d802ace3ac

PODFILE CHECKSUM: 5a334d396eb04f05c4b14c0bbad3d0e7f4108d7e

COCOAPODS: 1.14.3
